
Microsoft Visual Studio Solution File, Format Version 12.00
# Visual Studio 15
VisualStudioVersion = 15.0.26430.6
MinimumVisualStudioVersion = 10.0.40219.1
Project("{FAE04EC0-301F-11D3-BF4B-00C04F79EFBC}") = "Remora.AzureService", "Remora_azureService\Remora.AzureService.csproj", "{209FA716-A7AD-4095-BD70-C8710FC66FA7}"
EndProject
Project("{9A19103F-16F7-4668-BE54-9A1E7A4F7556}") = "Remora-azure.Shared", "Remora-azure.Shared\Remora-azure.Shared.csproj", "{6D427843-E7E6-4803-B77B-09D1396D5225}"
EndProject
Project("{FAE04EC0-301F-11D3-BF4B-00C04F79EFBC}") = "Remora.App", "App5\Remora.App.csproj", "{74411BFA-B19C-4275-9E98-EBC17CFB6585}"
EndProject
Project("{FAE04EC0-301F-11D3-BF4B-00C04F79EFBC}") = "Remora.Forms.Android", "Remora.Forms\Remora.Forms.Android\Remora.Forms.Android.csproj", "{7C9E6944-AB66-4799-9FAF-70637BA62B6A}"
EndProject
Project("{FAE04EC0-301F-11D3-BF4B-00C04F79EFBC}") = "Remora.Forms.iOS", "Remora.Forms\Remora.Forms.iOS\Remora.Forms.iOS.csproj", "{D7327AB9-7623-4BEE-B483-B6C73FC26790}"
EndProject
Project("{FAE04EC0-301F-11D3-BF4B-00C04F79EFBC}") = "Remora.Forms.UWP", "Remora.Forms\Remora.Forms.UWP\Remora.Forms.UWP.csproj", "{59023306-7DBF-4F7B-9AA8-FA96201F2533}"
EndProject
Global
	GlobalSection(SolutionConfigurationPlatforms) = preSolution
		Ad-Hoc|Any CPU = Ad-Hoc|Any CPU
		Ad-Hoc|ARM = Ad-Hoc|ARM
		Ad-Hoc|iPhone = Ad-Hoc|iPhone
		Ad-Hoc|iPhoneSimulator = Ad-Hoc|iPhoneSimulator
		Ad-Hoc|x64 = Ad-Hoc|x64
		Ad-Hoc|x86 = Ad-Hoc|x86
		AppStore|Any CPU = AppStore|Any CPU
		AppStore|ARM = AppStore|ARM
		AppStore|iPhone = AppStore|iPhone
		AppStore|iPhoneSimulator = AppStore|iPhoneSimulator
		AppStore|x64 = AppStore|x64
		AppStore|x86 = AppStore|x86
		Debug|Any CPU = Debug|Any CPU
		Debug|ARM = Debug|ARM
		Debug|iPhone = Debug|iPhone
		Debug|iPhoneSimulator = Debug|iPhoneSimulator
		Debug|x64 = Debug|x64
		Debug|x86 = Debug|x86
		Release|Any CPU = Release|Any CPU
		Release|ARM = Release|ARM
		Release|iPhone = Release|iPhone
		Release|iPhoneSimulator = Release|iPhoneSimulator
		Release|x64 = Release|x64
		Release|x86 = Release|x86
	EndGlobalSection
	GlobalSection(ProjectConfigurationPlatforms) = postSolution
		{209FA716-A7AD-4095-BD70-C8710FC66FA7}.Ad-Hoc|Any CPU.ActiveCfg = Release|Any CPU
		{209FA716-A7AD-4095-BD70-C8710FC66FA7}.Ad-Hoc|Any CPU.Build.0 = Release|Any CPU
		{209FA716-A7AD-4095-BD70-C8710FC66FA7}.Ad-Hoc|ARM.ActiveCfg = Release|Any CPU
		{209FA716-A7AD-4095-BD70-C8710FC66FA7}.Ad-Hoc|ARM.Build.0 = Release|Any CPU
		{209FA716-A7AD-4095-BD70-C8710FC66FA7}.Ad-Hoc|iPhone.ActiveCfg = Release|Any CPU
		{209FA716-A7AD-4095-BD70-C8710FC66FA7}.Ad-Hoc|iPhone.Build.0 = Release|Any CPU
		{209FA716-A7AD-4095-BD70-C8710FC66FA7}.Ad-Hoc|iPhoneSimulator.ActiveCfg = Release|Any CPU
		{209FA716-A7AD-4095-BD70-C8710FC66FA7}.Ad-Hoc|iPhoneSimulator.Build.0 = Release|Any CPU
		{209FA716-A7AD-4095-BD70-C8710FC66FA7}.Ad-Hoc|x64.ActiveCfg = Release|Any CPU
		{209FA716-A7AD-4095-BD70-C8710FC66FA7}.Ad-Hoc|x64.Build.0 = Release|Any CPU
		{209FA716-A7AD-4095-BD70-C8710FC66FA7}.Ad-Hoc|x86.ActiveCfg = Release|Any CPU
		{209FA716-A7AD-4095-BD70-C8710FC66FA7}.Ad-Hoc|x86.Build.0 = Release|Any CPU
		{209FA716-A7AD-4095-BD70-C8710FC66FA7}.AppStore|Any CPU.ActiveCfg = Release|Any CPU
		{209FA716-A7AD-4095-BD70-C8710FC66FA7}.AppStore|Any CPU.Build.0 = Release|Any CPU
		{209FA716-A7AD-4095-BD70-C8710FC66FA7}.AppStore|ARM.ActiveCfg = Release|Any CPU
		{209FA716-A7AD-4095-BD70-C8710FC66FA7}.AppStore|ARM.Build.0 = Release|Any CPU
		{209FA716-A7AD-4095-BD70-C8710FC66FA7}.AppStore|iPhone.ActiveCfg = Release|Any CPU
		{209FA716-A7AD-4095-BD70-C8710FC66FA7}.AppStore|iPhone.Build.0 = Release|Any CPU
		{209FA716-A7AD-4095-BD70-C8710FC66FA7}.AppStore|iPhoneSimulator.ActiveCfg = Release|Any CPU
		{209FA716-A7AD-4095-BD70-C8710FC66FA7}.AppStore|iPhoneSimulator.Build.0 = Release|Any CPU
		{209FA716-A7AD-4095-BD70-C8710FC66FA7}.AppStore|x64.ActiveCfg = Release|Any CPU
		{209FA716-A7AD-4095-BD70-C8710FC66FA7}.AppStore|x64.Build.0 = Release|Any CPU
		{209FA716-A7AD-4095-BD70-C8710FC66FA7}.AppStore|x86.ActiveCfg = Release|Any CPU
		{209FA716-A7AD-4095-BD70-C8710FC66FA7}.AppStore|x86.Build.0 = Release|Any CPU
		{209FA716-A7AD-4095-BD70-C8710FC66FA7}.Debug|Any CPU.ActiveCfg = Debug|Any CPU
		{209FA716-A7AD-4095-BD70-C8710FC66FA7}.Debug|Any CPU.Build.0 = Debug|Any CPU
		{209FA716-A7AD-4095-BD70-C8710FC66FA7}.Debug|ARM.ActiveCfg = Debug|Any CPU
		{209FA716-A7AD-4095-BD70-C8710FC66FA7}.Debug|ARM.Build.0 = Debug|Any CPU
		{209FA716-A7AD-4095-BD70-C8710FC66FA7}.Debug|iPhone.ActiveCfg = Debug|Any CPU
		{209FA716-A7AD-4095-BD70-C8710FC66FA7}.Debug|iPhone.Build.0 = Debug|Any CPU
		{209FA716-A7AD-4095-BD70-C8710FC66FA7}.Debug|iPhoneSimulator.ActiveCfg = Debug|Any CPU
		{209FA716-A7AD-4095-BD70-C8710FC66FA7}.Debug|iPhoneSimulator.Build.0 = Debug|Any CPU
		{209FA716-A7AD-4095-BD70-C8710FC66FA7}.Debug|x64.ActiveCfg = Debug|Any CPU
		{209FA716-A7AD-4095-BD70-C8710FC66FA7}.Debug|x64.Build.0 = Debug|Any CPU
		{209FA716-A7AD-4095-BD70-C8710FC66FA7}.Debug|x86.ActiveCfg = Debug|Any CPU
		{209FA716-A7AD-4095-BD70-C8710FC66FA7}.Debug|x86.Build.0 = Debug|Any CPU
		{209FA716-A7AD-4095-BD70-C8710FC66FA7}.Release|Any CPU.ActiveCfg = Release|Any CPU
		{209FA716-A7AD-4095-BD70-C8710FC66FA7}.Release|Any CPU.Build.0 = Release|Any CPU
		{209FA716-A7AD-4095-BD70-C8710FC66FA7}.Release|ARM.ActiveCfg = Release|Any CPU
		{209FA716-A7AD-4095-BD70-C8710FC66FA7}.Release|ARM.Build.0 = Release|Any CPU
		{209FA716-A7AD-4095-BD70-C8710FC66FA7}.Release|iPhone.ActiveCfg = Release|Any CPU
		{209FA716-A7AD-4095-BD70-C8710FC66FA7}.Release|iPhone.Build.0 = Release|Any CPU
		{209FA716-A7AD-4095-BD70-C8710FC66FA7}.Release|iPhoneSimulator.ActiveCfg = Release|Any CPU
		{209FA716-A7AD-4095-BD70-C8710FC66FA7}.Release|iPhoneSimulator.Build.0 = Release|Any CPU
		{209FA716-A7AD-4095-BD70-C8710FC66FA7}.Release|x64.ActiveCfg = Release|Any CPU
		{209FA716-A7AD-4095-BD70-C8710FC66FA7}.Release|x64.Build.0 = Release|Any CPU
		{209FA716-A7AD-4095-BD70-C8710FC66FA7}.Release|x86.ActiveCfg = Release|Any CPU
		{209FA716-A7AD-4095-BD70-C8710FC66FA7}.Release|x86.Build.0 = Release|Any CPU
		{6D427843-E7E6-4803-B77B-09D1396D5225}.Ad-Hoc|Any CPU.ActiveCfg = Debug|Any CPU
		{6D427843-E7E6-4803-B77B-09D1396D5225}.Ad-Hoc|Any CPU.Build.0 = Debug|Any CPU
		{6D427843-E7E6-4803-B77B-09D1396D5225}.Ad-Hoc|ARM.ActiveCfg = Debug|Any CPU
		{6D427843-E7E6-4803-B77B-09D1396D5225}.Ad-Hoc|ARM.Build.0 = Debug|Any CPU
		{6D427843-E7E6-4803-B77B-09D1396D5225}.Ad-Hoc|iPhone.ActiveCfg = Debug|Any CPU
		{6D427843-E7E6-4803-B77B-09D1396D5225}.Ad-Hoc|iPhone.Build.0 = Debug|Any CPU
		{6D427843-E7E6-4803-B77B-09D1396D5225}.Ad-Hoc|iPhoneSimulator.ActiveCfg = Debug|Any CPU
		{6D427843-E7E6-4803-B77B-09D1396D5225}.Ad-Hoc|iPhoneSimulator.Build.0 = Debug|Any CPU
		{6D427843-E7E6-4803-B77B-09D1396D5225}.Ad-Hoc|x64.ActiveCfg = Debug|Any CPU
		{6D427843-E7E6-4803-B77B-09D1396D5225}.Ad-Hoc|x64.Build.0 = Debug|Any CPU
		{6D427843-E7E6-4803-B77B-09D1396D5225}.Ad-Hoc|x86.ActiveCfg = Debug|Any CPU
		{6D427843-E7E6-4803-B77B-09D1396D5225}.Ad-Hoc|x86.Build.0 = Debug|Any CPU
		{6D427843-E7E6-4803-B77B-09D1396D5225}.AppStore|Any CPU.ActiveCfg = Debug|Any CPU
		{6D427843-E7E6-4803-B77B-09D1396D5225}.AppStore|Any CPU.Build.0 = Debug|Any CPU
		{6D427843-E7E6-4803-B77B-09D1396D5225}.AppStore|ARM.ActiveCfg = Debug|Any CPU
		{6D427843-E7E6-4803-B77B-09D1396D5225}.AppStore|ARM.Build.0 = Debug|Any CPU
		{6D427843-E7E6-4803-B77B-09D1396D5225}.AppStore|iPhone.ActiveCfg = Debug|Any CPU
		{6D427843-E7E6-4803-B77B-09D1396D5225}.AppStore|iPhone.Build.0 = Debug|Any CPU
		{6D427843-E7E6-4803-B77B-09D1396D5225}.AppStore|iPhoneSimulator.ActiveCfg = Debug|Any CPU
		{6D427843-E7E6-4803-B77B-09D1396D5225}.AppStore|iPhoneSimulator.Build.0 = Debug|Any CPU
		{6D427843-E7E6-4803-B77B-09D1396D5225}.AppStore|x64.ActiveCfg = Debug|Any CPU
		{6D427843-E7E6-4803-B77B-09D1396D5225}.AppStore|x64.Build.0 = Debug|Any CPU
		{6D427843-E7E6-4803-B77B-09D1396D5225}.AppStore|x86.ActiveCfg = Debug|Any CPU
		{6D427843-E7E6-4803-B77B-09D1396D5225}.AppStore|x86.Build.0 = Debug|Any CPU
		{6D427843-E7E6-4803-B77B-09D1396D5225}.Debug|Any CPU.ActiveCfg = Debug|Any CPU
		{6D427843-E7E6-4803-B77B-09D1396D5225}.Debug|Any CPU.Build.0 = Debug|Any CPU
		{6D427843-E7E6-4803-B77B-09D1396D5225}.Debug|ARM.ActiveCfg = Debug|Any CPU
		{6D427843-E7E6-4803-B77B-09D1396D5225}.Debug|ARM.Build.0 = Debug|Any CPU
		{6D427843-E7E6-4803-B77B-09D1396D5225}.Debug|iPhone.ActiveCfg = Debug|Any CPU
		{6D427843-E7E6-4803-B77B-09D1396D5225}.Debug|iPhone.Build.0 = Debug|Any CPU
		{6D427843-E7E6-4803-B77B-09D1396D5225}.Debug|iPhoneSimulator.ActiveCfg = Debug|Any CPU
		{6D427843-E7E6-4803-B77B-09D1396D5225}.Debug|iPhoneSimulator.Build.0 = Debug|Any CPU
		{6D427843-E7E6-4803-B77B-09D1396D5225}.Debug|x64.ActiveCfg = Debug|Any CPU
		{6D427843-E7E6-4803-B77B-09D1396D5225}.Debug|x64.Build.0 = Debug|Any CPU
		{6D427843-E7E6-4803-B77B-09D1396D5225}.Debug|x86.ActiveCfg = Debug|Any CPU
		{6D427843-E7E6-4803-B77B-09D1396D5225}.Debug|x86.Build.0 = Debug|Any CPU
		{6D427843-E7E6-4803-B77B-09D1396D5225}.Release|Any CPU.ActiveCfg = Release|Any CPU
		{6D427843-E7E6-4803-B77B-09D1396D5225}.Release|Any CPU.Build.0 = Release|Any CPU
		{6D427843-E7E6-4803-B77B-09D1396D5225}.Release|ARM.ActiveCfg = Release|Any CPU
		{6D427843-E7E6-4803-B77B-09D1396D5225}.Release|ARM.Build.0 = Release|Any CPU
		{6D427843-E7E6-4803-B77B-09D1396D5225}.Release|iPhone.ActiveCfg = Release|Any CPU
		{6D427843-E7E6-4803-B77B-09D1396D5225}.Release|iPhone.Build.0 = Release|Any CPU
		{6D427843-E7E6-4803-B77B-09D1396D5225}.Release|iPhoneSimulator.ActiveCfg = Release|Any CPU
		{6D427843-E7E6-4803-B77B-09D1396D5225}.Release|iPhoneSimulator.Build.0 = Release|Any CPU
		{6D427843-E7E6-4803-B77B-09D1396D5225}.Release|x64.ActiveCfg = Release|Any CPU
		{6D427843-E7E6-4803-B77B-09D1396D5225}.Release|x64.Build.0 = Release|Any CPU
		{6D427843-E7E6-4803-B77B-09D1396D5225}.Release|x86.ActiveCfg = Release|Any CPU
		{6D427843-E7E6-4803-B77B-09D1396D5225}.Release|x86.Build.0 = Release|Any CPU
		{74411BFA-B19C-4275-9E98-EBC17CFB6585}.Ad-Hoc|Any CPU.ActiveCfg = Release|Any CPU
		{74411BFA-B19C-4275-9E98-EBC17CFB6585}.Ad-Hoc|Any CPU.Build.0 = Release|Any CPU
		{74411BFA-B19C-4275-9E98-EBC17CFB6585}.Ad-Hoc|Any CPU.Deploy.0 = Release|Any CPU
		{74411BFA-B19C-4275-9E98-EBC17CFB6585}.Ad-Hoc|ARM.ActiveCfg = Release|Any CPU
		{74411BFA-B19C-4275-9E98-EBC17CFB6585}.Ad-Hoc|ARM.Build.0 = Release|Any CPU
		{74411BFA-B19C-4275-9E98-EBC17CFB6585}.Ad-Hoc|ARM.Deploy.0 = Release|Any CPU
		{74411BFA-B19C-4275-9E98-EBC17CFB6585}.Ad-Hoc|iPhone.ActiveCfg = Release|Any CPU
		{74411BFA-B19C-4275-9E98-EBC17CFB6585}.Ad-Hoc|iPhone.Build.0 = Release|Any CPU
		{74411BFA-B19C-4275-9E98-EBC17CFB6585}.Ad-Hoc|iPhone.Deploy.0 = Release|Any CPU
		{74411BFA-B19C-4275-9E98-EBC17CFB6585}.Ad-Hoc|iPhoneSimulator.ActiveCfg = Release|Any CPU
		{74411BFA-B19C-4275-9E98-EBC17CFB6585}.Ad-Hoc|iPhoneSimulator.Build.0 = Release|Any CPU
		{74411BFA-B19C-4275-9E98-EBC17CFB6585}.Ad-Hoc|iPhoneSimulator.Deploy.0 = Release|Any CPU
		{74411BFA-B19C-4275-9E98-EBC17CFB6585}.Ad-Hoc|x64.ActiveCfg = Release|Any CPU
		{74411BFA-B19C-4275-9E98-EBC17CFB6585}.Ad-Hoc|x64.Build.0 = Release|Any CPU
		{74411BFA-B19C-4275-9E98-EBC17CFB6585}.Ad-Hoc|x64.Deploy.0 = Release|Any CPU
		{74411BFA-B19C-4275-9E98-EBC17CFB6585}.Ad-Hoc|x86.ActiveCfg = Release|Any CPU
		{74411BFA-B19C-4275-9E98-EBC17CFB6585}.Ad-Hoc|x86.Build.0 = Release|Any CPU
		{74411BFA-B19C-4275-9E98-EBC17CFB6585}.Ad-Hoc|x86.Deploy.0 = Release|Any CPU
		{74411BFA-B19C-4275-9E98-EBC17CFB6585}.AppStore|Any CPU.ActiveCfg = Release|Any CPU
		{74411BFA-B19C-4275-9E98-EBC17CFB6585}.AppStore|Any CPU.Build.0 = Release|Any CPU
		{74411BFA-B19C-4275-9E98-EBC17CFB6585}.AppStore|Any CPU.Deploy.0 = Release|Any CPU
		{74411BFA-B19C-4275-9E98-EBC17CFB6585}.AppStore|ARM.ActiveCfg = Release|Any CPU
		{74411BFA-B19C-4275-9E98-EBC17CFB6585}.AppStore|ARM.Build.0 = Release|Any CPU
		{74411BFA-B19C-4275-9E98-EBC17CFB6585}.AppStore|ARM.Deploy.0 = Release|Any CPU
		{74411BFA-B19C-4275-9E98-EBC17CFB6585}.AppStore|iPhone.ActiveCfg = Release|Any CPU
		{74411BFA-B19C-4275-9E98-EBC17CFB6585}.AppStore|iPhone.Build.0 = Release|Any CPU
		{74411BFA-B19C-4275-9E98-EBC17CFB6585}.AppStore|iPhone.Deploy.0 = Release|Any CPU
		{74411BFA-B19C-4275-9E98-EBC17CFB6585}.AppStore|iPhoneSimulator.ActiveCfg = Release|Any CPU
		{74411BFA-B19C-4275-9E98-EBC17CFB6585}.AppStore|iPhoneSimulator.Build.0 = Release|Any CPU
		{74411BFA-B19C-4275-9E98-EBC17CFB6585}.AppStore|iPhoneSimulator.Deploy.0 = Release|Any CPU
		{74411BFA-B19C-4275-9E98-EBC17CFB6585}.AppStore|x64.ActiveCfg = Release|Any CPU
		{74411BFA-B19C-4275-9E98-EBC17CFB6585}.AppStore|x64.Build.0 = Release|Any CPU
		{74411BFA-B19C-4275-9E98-EBC17CFB6585}.AppStore|x64.Deploy.0 = Release|Any CPU
		{74411BFA-B19C-4275-9E98-EBC17CFB6585}.AppStore|x86.ActiveCfg = Release|Any CPU
		{74411BFA-B19C-4275-9E98-EBC17CFB6585}.AppStore|x86.Build.0 = Release|Any CPU
		{74411BFA-B19C-4275-9E98-EBC17CFB6585}.AppStore|x86.Deploy.0 = Release|Any CPU
		{74411BFA-B19C-4275-9E98-EBC17CFB6585}.Debug|Any CPU.ActiveCfg = Debug|Any CPU
		{74411BFA-B19C-4275-9E98-EBC17CFB6585}.Debug|Any CPU.Build.0 = Debug|Any CPU
		{74411BFA-B19C-4275-9E98-EBC17CFB6585}.Debug|Any CPU.Deploy.0 = Debug|Any CPU
		{74411BFA-B19C-4275-9E98-EBC17CFB6585}.Debug|ARM.ActiveCfg = Debug|Any CPU
		{74411BFA-B19C-4275-9E98-EBC17CFB6585}.Debug|ARM.Build.0 = Debug|Any CPU
		{74411BFA-B19C-4275-9E98-EBC17CFB6585}.Debug|ARM.Deploy.0 = Debug|Any CPU
		{74411BFA-B19C-4275-9E98-EBC17CFB6585}.Debug|iPhone.ActiveCfg = Debug|Any CPU
		{74411BFA-B19C-4275-9E98-EBC17CFB6585}.Debug|iPhone.Build.0 = Debug|Any CPU
		{74411BFA-B19C-4275-9E98-EBC17CFB6585}.Debug|iPhone.Deploy.0 = Debug|Any CPU
		{74411BFA-B19C-4275-9E98-EBC17CFB6585}.Debug|iPhoneSimulator.ActiveCfg = Debug|Any CPU
		{74411BFA-B19C-4275-9E98-EBC17CFB6585}.Debug|iPhoneSimulator.Build.0 = Debug|Any CPU
		{74411BFA-B19C-4275-9E98-EBC17CFB6585}.Debug|iPhoneSimulator.Deploy.0 = Debug|Any CPU
		{74411BFA-B19C-4275-9E98-EBC17CFB6585}.Debug|x64.ActiveCfg = Debug|Any CPU
		{74411BFA-B19C-4275-9E98-EBC17CFB6585}.Debug|x64.Build.0 = Debug|Any CPU
		{74411BFA-B19C-4275-9E98-EBC17CFB6585}.Debug|x64.Deploy.0 = Debug|Any CPU
		{74411BFA-B19C-4275-9E98-EBC17CFB6585}.Debug|x86.ActiveCfg = Debug|Any CPU
		{74411BFA-B19C-4275-9E98-EBC17CFB6585}.Debug|x86.Build.0 = Debug|Any CPU
		{74411BFA-B19C-4275-9E98-EBC17CFB6585}.Debug|x86.Deploy.0 = Debug|Any CPU
		{74411BFA-B19C-4275-9E98-EBC17CFB6585}.Release|Any CPU.ActiveCfg = Release|Any CPU
		{74411BFA-B19C-4275-9E98-EBC17CFB6585}.Release|Any CPU.Build.0 = Release|Any CPU
		{74411BFA-B19C-4275-9E98-EBC17CFB6585}.Release|Any CPU.Deploy.0 = Release|Any CPU
		{74411BFA-B19C-4275-9E98-EBC17CFB6585}.Release|ARM.ActiveCfg = Release|Any CPU
		{74411BFA-B19C-4275-9E98-EBC17CFB6585}.Release|ARM.Build.0 = Release|Any CPU
		{74411BFA-B19C-4275-9E98-EBC17CFB6585}.Release|ARM.Deploy.0 = Release|Any CPU
		{74411BFA-B19C-4275-9E98-EBC17CFB6585}.Release|iPhone.ActiveCfg = Release|Any CPU
		{74411BFA-B19C-4275-9E98-EBC17CFB6585}.Release|iPhone.Build.0 = Release|Any CPU
		{74411BFA-B19C-4275-9E98-EBC17CFB6585}.Release|iPhone.Deploy.0 = Release|Any CPU
		{74411BFA-B19C-4275-9E98-EBC17CFB6585}.Release|iPhoneSimulator.ActiveCfg = Release|Any CPU
		{74411BFA-B19C-4275-9E98-EBC17CFB6585}.Release|iPhoneSimulator.Build.0 = Release|Any CPU
		{74411BFA-B19C-4275-9E98-EBC17CFB6585}.Release|iPhoneSimulator.Deploy.0 = Release|Any CPU
		{74411BFA-B19C-4275-9E98-EBC17CFB6585}.Release|x64.ActiveCfg = Release|Any CPU
		{74411BFA-B19C-4275-9E98-EBC17CFB6585}.Release|x64.Build.0 = Release|Any CPU
		{74411BFA-B19C-4275-9E98-EBC17CFB6585}.Release|x64.Deploy.0 = Release|Any CPU
		{74411BFA-B19C-4275-9E98-EBC17CFB6585}.Release|x86.ActiveCfg = Release|Any CPU
		{74411BFA-B19C-4275-9E98-EBC17CFB6585}.Release|x86.Build.0 = Release|Any CPU
		{74411BFA-B19C-4275-9E98-EBC17CFB6585}.Release|x86.Deploy.0 = Release|Any CPU
		{7C9E6944-AB66-4799-9FAF-70637BA62B6A}.Ad-Hoc|Any CPU.ActiveCfg = Release|Any CPU
		{7C9E6944-AB66-4799-9FAF-70637BA62B6A}.Ad-Hoc|Any CPU.Build.0 = Release|Any CPU
		{7C9E6944-AB66-4799-9FAF-70637BA62B6A}.Ad-Hoc|Any CPU.Deploy.0 = Release|Any CPU
		{7C9E6944-AB66-4799-9FAF-70637BA62B6A}.Ad-Hoc|ARM.ActiveCfg = Release|Any CPU
		{7C9E6944-AB66-4799-9FAF-70637BA62B6A}.Ad-Hoc|ARM.Build.0 = Release|Any CPU
		{7C9E6944-AB66-4799-9FAF-70637BA62B6A}.Ad-Hoc|ARM.Deploy.0 = Release|Any CPU
		{7C9E6944-AB66-4799-9FAF-70637BA62B6A}.Ad-Hoc|iPhone.ActiveCfg = Release|Any CPU
		{7C9E6944-AB66-4799-9FAF-70637BA62B6A}.Ad-Hoc|iPhone.Build.0 = Release|Any CPU
		{7C9E6944-AB66-4799-9FAF-70637BA62B6A}.Ad-Hoc|iPhone.Deploy.0 = Release|Any CPU
		{7C9E6944-AB66-4799-9FAF-70637BA62B6A}.Ad-Hoc|iPhoneSimulator.ActiveCfg = Release|Any CPU
		{7C9E6944-AB66-4799-9FAF-70637BA62B6A}.Ad-Hoc|iPhoneSimulator.Build.0 = Release|Any CPU
		{7C9E6944-AB66-4799-9FAF-70637BA62B6A}.Ad-Hoc|iPhoneSimulator.Deploy.0 = Release|Any CPU
		{7C9E6944-AB66-4799-9FAF-70637BA62B6A}.Ad-Hoc|x64.ActiveCfg = Release|Any CPU
		{7C9E6944-AB66-4799-9FAF-70637BA62B6A}.Ad-Hoc|x64.Build.0 = Release|Any CPU
		{7C9E6944-AB66-4799-9FAF-70637BA62B6A}.Ad-Hoc|x64.Deploy.0 = Release|Any CPU
		{7C9E6944-AB66-4799-9FAF-70637BA62B6A}.Ad-Hoc|x86.ActiveCfg = Release|Any CPU
		{7C9E6944-AB66-4799-9FAF-70637BA62B6A}.Ad-Hoc|x86.Build.0 = Release|Any CPU
		{7C9E6944-AB66-4799-9FAF-70637BA62B6A}.Ad-Hoc|x86.Deploy.0 = Release|Any CPU
		{7C9E6944-AB66-4799-9FAF-70637BA62B6A}.AppStore|Any CPU.ActiveCfg = Release|Any CPU
		{7C9E6944-AB66-4799-9FAF-70637BA62B6A}.AppStore|Any CPU.Build.0 = Release|Any CPU
		{7C9E6944-AB66-4799-9FAF-70637BA62B6A}.AppStore|Any CPU.Deploy.0 = Release|Any CPU
		{7C9E6944-AB66-4799-9FAF-70637BA62B6A}.AppStore|ARM.ActiveCfg = Release|Any CPU
		{7C9E6944-AB66-4799-9FAF-70637BA62B6A}.AppStore|ARM.Build.0 = Release|Any CPU
		{7C9E6944-AB66-4799-9FAF-70637BA62B6A}.AppStore|ARM.Deploy.0 = Release|Any CPU
		{7C9E6944-AB66-4799-9FAF-70637BA62B6A}.AppStore|iPhone.ActiveCfg = Release|Any CPU
		{7C9E6944-AB66-4799-9FAF-70637BA62B6A}.AppStore|iPhone.Build.0 = Release|Any CPU
		{7C9E6944-AB66-4799-9FAF-70637BA62B6A}.AppStore|iPhone.Deploy.0 = Release|Any CPU
		{7C9E6944-AB66-4799-9FAF-70637BA62B6A}.AppStore|iPhoneSimulator.ActiveCfg = Release|Any CPU
		{7C9E6944-AB66-4799-9FAF-70637BA62B6A}.AppStore|iPhoneSimulator.Build.0 = Release|Any CPU
		{7C9E6944-AB66-4799-9FAF-70637BA62B6A}.AppStore|iPhoneSimulator.Deploy.0 = Release|Any CPU
		{7C9E6944-AB66-4799-9FAF-70637BA62B6A}.AppStore|x64.ActiveCfg = Release|Any CPU
		{7C9E6944-AB66-4799-9FAF-70637BA62B6A}.AppStore|x64.Build.0 = Release|Any CPU
		{7C9E6944-AB66-4799-9FAF-70637BA62B6A}.AppStore|x64.Deploy.0 = Release|Any CPU
		{7C9E6944-AB66-4799-9FAF-70637BA62B6A}.AppStore|x86.ActiveCfg = Release|Any CPU
		{7C9E6944-AB66-4799-9FAF-70637BA62B6A}.AppStore|x86.Build.0 = Release|Any CPU
		{7C9E6944-AB66-4799-9FAF-70637BA62B6A}.AppStore|x86.Deploy.0 = Release|Any CPU
		{7C9E6944-AB66-4799-9FAF-70637BA62B6A}.Debug|Any CPU.ActiveCfg = Debug|Any CPU
		{7C9E6944-AB66-4799-9FAF-70637BA62B6A}.Debug|Any CPU.Build.0 = Debug|Any CPU
		{7C9E6944-AB66-4799-9FAF-70637BA62B6A}.Debug|Any CPU.Deploy.0 = Debug|Any CPU
		{7C9E6944-AB66-4799-9FAF-70637BA62B6A}.Debug|ARM.ActiveCfg = Debug|Any CPU
		{7C9E6944-AB66-4799-9FAF-70637BA62B6A}.Debug|ARM.Build.0 = Debug|Any CPU
		{7C9E6944-AB66-4799-9FAF-70637BA62B6A}.Debug|ARM.Deploy.0 = Debug|Any CPU
		{7C9E6944-AB66-4799-9FAF-70637BA62B6A}.Debug|iPhone.ActiveCfg = Debug|Any CPU
		{7C9E6944-AB66-4799-9FAF-70637BA62B6A}.Debug|iPhone.Build.0 = Debug|Any CPU
		{7C9E6944-AB66-4799-9FAF-70637BA62B6A}.Debug|iPhone.Deploy.0 = Debug|Any CPU
		{7C9E6944-AB66-4799-9FAF-70637BA62B6A}.Debug|iPhoneSimulator.ActiveCfg = Debug|Any CPU
		{7C9E6944-AB66-4799-9FAF-70637BA62B6A}.Debug|iPhoneSimulator.Build.0 = Debug|Any CPU
		{7C9E6944-AB66-4799-9FAF-70637BA62B6A}.Debug|iPhoneSimulator.Deploy.0 = Debug|Any CPU
		{7C9E6944-AB66-4799-9FAF-70637BA62B6A}.Debug|x64.ActiveCfg = Debug|Any CPU
		{7C9E6944-AB66-4799-9FAF-70637BA62B6A}.Debug|x64.Build.0 = Debug|Any CPU
		{7C9E6944-AB66-4799-9FAF-70637BA62B6A}.Debug|x64.Deploy.0 = Debug|Any CPU
		{7C9E6944-AB66-4799-9FAF-70637BA62B6A}.Debug|x86.ActiveCfg = Debug|Any CPU
		{7C9E6944-AB66-4799-9FAF-70637BA62B6A}.Debug|x86.Build.0 = Debug|Any CPU
		{7C9E6944-AB66-4799-9FAF-70637BA62B6A}.Debug|x86.Deploy.0 = Debug|Any CPU
		{7C9E6944-AB66-4799-9FAF-70637BA62B6A}.Release|Any CPU.ActiveCfg = Release|Any CPU
		{7C9E6944-AB66-4799-9FAF-70637BA62B6A}.Release|Any CPU.Build.0 = Release|Any CPU
		{7C9E6944-AB66-4799-9FAF-70637BA62B6A}.Release|Any CPU.Deploy.0 = Release|Any CPU
		{7C9E6944-AB66-4799-9FAF-70637BA62B6A}.Release|ARM.ActiveCfg = Release|Any CPU
		{7C9E6944-AB66-4799-9FAF-70637BA62B6A}.Release|ARM.Build.0 = Release|Any CPU
		{7C9E6944-AB66-4799-9FAF-70637BA62B6A}.Release|ARM.Deploy.0 = Release|Any CPU
		{7C9E6944-AB66-4799-9FAF-70637BA62B6A}.Release|iPhone.ActiveCfg = Release|Any CPU
		{7C9E6944-AB66-4799-9FAF-70637BA62B6A}.Release|iPhone.Build.0 = Release|Any CPU
		{7C9E6944-AB66-4799-9FAF-70637BA62B6A}.Release|iPhone.Deploy.0 = Release|Any CPU
		{7C9E6944-AB66-4799-9FAF-70637BA62B6A}.Release|iPhoneSimulator.ActiveCfg = Release|Any CPU
		{7C9E6944-AB66-4799-9FAF-70637BA62B6A}.Release|iPhoneSimulator.Build.0 = Release|Any CPU
		{7C9E6944-AB66-4799-9FAF-70637BA62B6A}.Release|iPhoneSimulator.Deploy.0 = Release|Any CPU
		{7C9E6944-AB66-4799-9FAF-70637BA62B6A}.Release|x64.ActiveCfg = Release|Any CPU
		{7C9E6944-AB66-4799-9FAF-70637BA62B6A}.Release|x64.Build.0 = Release|Any CPU
		{7C9E6944-AB66-4799-9FAF-70637BA62B6A}.Release|x64.Deploy.0 = Release|Any CPU
		{7C9E6944-AB66-4799-9FAF-70637BA62B6A}.Release|x86.ActiveCfg = Release|Any CPU
		{7C9E6944-AB66-4799-9FAF-70637BA62B6A}.Release|x86.Build.0 = Release|Any CPU
		{7C9E6944-AB66-4799-9FAF-70637BA62B6A}.Release|x86.Deploy.0 = Release|Any CPU
		{D7327AB9-7623-4BEE-B483-B6C73FC26790}.Ad-Hoc|Any CPU.ActiveCfg = Ad-Hoc|iPhone
		{D7327AB9-7623-4BEE-B483-B6C73FC26790}.Ad-Hoc|ARM.ActiveCfg = Ad-Hoc|iPhone
		{D7327AB9-7623-4BEE-B483-B6C73FC26790}.Ad-Hoc|iPhone.ActiveCfg = Ad-Hoc|iPhone
		{D7327AB9-7623-4BEE-B483-B6C73FC26790}.Ad-Hoc|iPhone.Build.0 = Ad-Hoc|iPhone
		{D7327AB9-7623-4BEE-B483-B6C73FC26790}.Ad-Hoc|iPhoneSimulator.ActiveCfg = Ad-Hoc|iPhoneSimulator
		{D7327AB9-7623-4BEE-B483-B6C73FC26790}.Ad-Hoc|iPhoneSimulator.Build.0 = Ad-Hoc|iPhoneSimulator
		{D7327AB9-7623-4BEE-B483-B6C73FC26790}.Ad-Hoc|x64.ActiveCfg = Ad-Hoc|iPhone
		{D7327AB9-7623-4BEE-B483-B6C73FC26790}.Ad-Hoc|x86.ActiveCfg = Ad-Hoc|iPhone
		{D7327AB9-7623-4BEE-B483-B6C73FC26790}.AppStore|Any CPU.ActiveCfg = AppStore|iPhone
		{D7327AB9-7623-4BEE-B483-B6C73FC26790}.AppStore|ARM.ActiveCfg = AppStore|iPhone
		{D7327AB9-7623-4BEE-B483-B6C73FC26790}.AppStore|iPhone.ActiveCfg = AppStore|iPhone
		{D7327AB9-7623-4BEE-B483-B6C73FC26790}.AppStore|iPhone.Build.0 = AppStore|iPhone
		{D7327AB9-7623-4BEE-B483-B6C73FC26790}.AppStore|iPhoneSimulator.ActiveCfg = AppStore|iPhoneSimulator
		{D7327AB9-7623-4BEE-B483-B6C73FC26790}.AppStore|iPhoneSimulator.Build.0 = AppStore|iPhoneSimulator
		{D7327AB9-7623-4BEE-B483-B6C73FC26790}.AppStore|x64.ActiveCfg = AppStore|iPhone
		{D7327AB9-7623-4BEE-B483-B6C73FC26790}.AppStore|x86.ActiveCfg = AppStore|iPhone
		{D7327AB9-7623-4BEE-B483-B6C73FC26790}.Debug|Any CPU.ActiveCfg = Debug|iPhone
		{D7327AB9-7623-4BEE-B483-B6C73FC26790}.Debug|ARM.ActiveCfg = Debug|iPhone
		{D7327AB9-7623-4BEE-B483-B6C73FC26790}.Debug|iPhone.ActiveCfg = Debug|iPhone
		{D7327AB9-7623-4BEE-B483-B6C73FC26790}.Debug|iPhone.Build.0 = Debug|iPhone
		{D7327AB9-7623-4BEE-B483-B6C73FC26790}.Debug|iPhoneSimulator.ActiveCfg = Debug|iPhoneSimulator
		{D7327AB9-7623-4BEE-B483-B6C73FC26790}.Debug|iPhoneSimulator.Build.0 = Debug|iPhoneSimulator
		{D7327AB9-7623-4BEE-B483-B6C73FC26790}.Debug|x64.ActiveCfg = Debug|iPhone
		{D7327AB9-7623-4BEE-B483-B6C73FC26790}.Debug|x86.ActiveCfg = Debug|iPhone
		{D7327AB9-7623-4BEE-B483-B6C73FC26790}.Release|Any CPU.ActiveCfg = Release|iPhone
		{D7327AB9-7623-4BEE-B483-B6C73FC26790}.Release|ARM.ActiveCfg = Release|iPhone
		{D7327AB9-7623-4BEE-B483-B6C73FC26790}.Release|iPhone.ActiveCfg = Release|iPhone
		{D7327AB9-7623-4BEE-B483-B6C73FC26790}.Release|iPhone.Build.0 = Release|iPhone
		{D7327AB9-7623-4BEE-B483-B6C73FC26790}.Release|iPhoneSimulator.ActiveCfg = Release|iPhoneSimulator
		{D7327AB9-7623-4BEE-B483-B6C73FC26790}.Release|iPhoneSimulator.Build.0 = Release|iPhoneSimulator
		{D7327AB9-7623-4BEE-B483-B6C73FC26790}.Release|x64.ActiveCfg = Release|iPhone
		{D7327AB9-7623-4BEE-B483-B6C73FC26790}.Release|x86.ActiveCfg = Release|iPhone
		{59023306-7DBF-4F7B-9AA8-FA96201F2533}.Ad-Hoc|Any CPU.ActiveCfg = Release|x86
		{59023306-7DBF-4F7B-9AA8-FA96201F2533}.Ad-Hoc|Any CPU.Build.0 = Release|x86
		{59023306-7DBF-4F7B-9AA8-FA96201F2533}.Ad-Hoc|Any CPU.Deploy.0 = Release|x86
		{59023306-7DBF-4F7B-9AA8-FA96201F2533}.Ad-Hoc|ARM.ActiveCfg = Release|ARM
		{59023306-7DBF-4F7B-9AA8-FA96201F2533}.Ad-Hoc|ARM.Build.0 = Release|ARM
		{59023306-7DBF-4F7B-9AA8-FA96201F2533}.Ad-Hoc|ARM.Deploy.0 = Release|ARM
		{59023306-7DBF-4F7B-9AA8-FA96201F2533}.Ad-Hoc|iPhone.ActiveCfg = Release|x86
		{59023306-7DBF-4F7B-9AA8-FA96201F2533}.Ad-Hoc|iPhone.Build.0 = Release|x86
		{59023306-7DBF-4F7B-9AA8-FA96201F2533}.Ad-Hoc|iPhone.Deploy.0 = Release|x86
		{59023306-7DBF-4F7B-9AA8-FA96201F2533}.Ad-Hoc|iPhoneSimulator.ActiveCfg = Release|x86
		{59023306-7DBF-4F7B-9AA8-FA96201F2533}.Ad-Hoc|iPhoneSimulator.Build.0 = Release|x86
		{59023306-7DBF-4F7B-9AA8-FA96201F2533}.Ad-Hoc|iPhoneSimulator.Deploy.0 = Release|x86
		{59023306-7DBF-4F7B-9AA8-FA96201F2533}.Ad-Hoc|x64.ActiveCfg = Release|x64
		{59023306-7DBF-4F7B-9AA8-FA96201F2533}.Ad-Hoc|x64.Build.0 = Release|x64
		{59023306-7DBF-4F7B-9AA8-FA96201F2533}.Ad-Hoc|x64.Deploy.0 = Release|x64
		{59023306-7DBF-4F7B-9AA8-FA96201F2533}.Ad-Hoc|x86.ActiveCfg = Release|x86
		{59023306-7DBF-4F7B-9AA8-FA96201F2533}.Ad-Hoc|x86.Build.0 = Release|x86
		{59023306-7DBF-4F7B-9AA8-FA96201F2533}.Ad-Hoc|x86.Deploy.0 = Release|x86
		{59023306-7DBF-4F7B-9AA8-FA96201F2533}.AppStore|Any CPU.ActiveCfg = Release|x86
		{59023306-7DBF-4F7B-9AA8-FA96201F2533}.AppStore|Any CPU.Build.0 = Release|x86
		{59023306-7DBF-4F7B-9AA8-FA96201F2533}.AppStore|Any CPU.Deploy.0 = Release|x86
		{59023306-7DBF-4F7B-9AA8-FA96201F2533}.AppStore|ARM.ActiveCfg = Release|ARM
		{59023306-7DBF-4F7B-9AA8-FA96201F2533}.AppStore|ARM.Build.0 = Release|ARM
		{59023306-7DBF-4F7B-9AA8-FA96201F2533}.AppStore|ARM.Deploy.0 = Release|ARM
		{59023306-7DBF-4F7B-9AA8-FA96201F2533}.AppStore|iPhone.ActiveCfg = Release|x86
		{59023306-7DBF-4F7B-9AA8-FA96201F2533}.AppStore|iPhone.Build.0 = Release|x86
		{59023306-7DBF-4F7B-9AA8-FA96201F2533}.AppStore|iPhone.Deploy.0 = Release|x86
		{59023306-7DBF-4F7B-9AA8-FA96201F2533}.AppStore|iPhoneSimulator.ActiveCfg = Release|x86
		{59023306-7DBF-4F7B-9AA8-FA96201F2533}.AppStore|iPhoneSimulator.Build.0 = Release|x86
		{59023306-7DBF-4F7B-9AA8-FA96201F2533}.AppStore|iPhoneSimulator.Deploy.0 = Release|x86
		{59023306-7DBF-4F7B-9AA8-FA96201F2533}.AppStore|x64.ActiveCfg = Release|x64
		{59023306-7DBF-4F7B-9AA8-FA96201F2533}.AppStore|x64.Build.0 = Release|x64
		{59023306-7DBF-4F7B-9AA8-FA96201F2533}.AppStore|x64.Deploy.0 = Release|x64
		{59023306-7DBF-4F7B-9AA8-FA96201F2533}.AppStore|x86.ActiveCfg = Release|x86
		{59023306-7DBF-4F7B-9AA8-FA96201F2533}.AppStore|x86.Build.0 = Release|x86
		{59023306-7DBF-4F7B-9AA8-FA96201F2533}.AppStore|x86.Deploy.0 = Release|x86
		{59023306-7DBF-4F7B-9AA8-FA96201F2533}.Debug|Any CPU.ActiveCfg = Debug|x86
		{59023306-7DBF-4F7B-9AA8-FA96201F2533}.Debug|ARM.ActiveCfg = Debug|ARM
		{59023306-7DBF-4F7B-9AA8-FA96201F2533}.Debug|ARM.Build.0 = Debug|ARM
		{59023306-7DBF-4F7B-9AA8-FA96201F2533}.Debug|ARM.Deploy.0 = Debug|ARM
		{59023306-7DBF-4F7B-9AA8-FA96201F2533}.Debug|iPhone.ActiveCfg = Debug|x86
		{59023306-7DBF-4F7B-9AA8-FA96201F2533}.Debug|iPhoneSimulator.ActiveCfg = Debug|x86
		{59023306-7DBF-4F7B-9AA8-FA96201F2533}.Debug|x64.ActiveCfg = Debug|x64
		{59023306-7DBF-4F7B-9AA8-FA96201F2533}.Debug|x64.Build.0 = Debug|x64
		{59023306-7DBF-4F7B-9AA8-FA96201F2533}.Debug|x64.Deploy.0 = Debug|x64
		{59023306-7DBF-4F7B-9AA8-FA96201F2533}.Debug|x86.ActiveCfg = Debug|x86
		{59023306-7DBF-4F7B-9AA8-FA96201F2533}.Debug|x86.Build.0 = Debug|x86
		{59023306-7DBF-4F7B-9AA8-FA96201F2533}.Debug|x86.Deploy.0 = Debug|x86
		{59023306-7DBF-4F7B-9AA8-FA96201F2533}.Release|Any CPU.ActiveCfg = Release|x86
		{59023306-7DBF-4F7B-9AA8-FA96201F2533}.Release|ARM.ActiveCfg = Release|ARM
		{59023306-7DBF-4F7B-9AA8-FA96201F2533}.Release|ARM.Build.0 = Release|ARM
		{59023306-7DBF-4F7B-9AA8-FA96201F2533}.Release|ARM.Deploy.0 = Release|ARM
		{59023306-7DBF-4F7B-9AA8-FA96201F2533}.Release|iPhone.ActiveCfg = Release|x86
		{59023306-7DBF-4F7B-9AA8-FA96201F2533}.Release|iPhoneSimulator.ActiveCfg = Release|x86
		{59023306-7DBF-4F7B-9AA8-FA96201F2533}.Release|x64.ActiveCfg = Release|x64
		{59023306-7DBF-4F7B-9AA8-FA96201F2533}.Release|x64.Build.0 = Release|x64
		{59023306-7DBF-4F7B-9AA8-FA96201F2533}.Release|x64.Deploy.0 = Release|x64
		{59023306-7DBF-4F7B-9AA8-FA96201F2533}.Release|x86.ActiveCfg = Release|x86
		{59023306-7DBF-4F7B-9AA8-FA96201F2533}.Release|x86.Build.0 = Release|x86
		{59023306-7DBF-4F7B-9AA8-FA96201F2533}.Release|x86.Deploy.0 = Release|x86
	EndGlobalSection
	GlobalSection(SolutionProperties) = preSolution
		HideSolutionNode = FALSE
	EndGlobalSection
EndGlobal
